Microsoft Visual Studio Solution File, Format Version 12.00
# Visual Studio Version 17
VisualStudioVersion = 17.5.2.0
MinimumVisualStudioVersion = 10.0.40219.1
Project("{FAE04EC0-301F-11D3-BF4B-00C04F79EFBC}") = "PGTA_deco048", "PGTA Source\PGTA_deco048.csproj", "{0540AB1E-F99F-EB7B-A740-EEB51BF7369C}"
EndProject
Global
	GlobalSection(SolutionConfigurationPlatforms) = preSolution
		Debug|Any CPU = Debug|Any CPU
		Release|Any CPU = Release|Any CPU
	EndGlobalSection
	GlobalSection(ProjectConfigurationPlatforms) = postSolution
		{0540AB1E-F99F-EB7B-A740-EEB51BF7369C}.Debug|Any CPU.ActiveCfg = Debug|Any CPU
		{0540AB1E-F99F-EB7B-A740-EEB51BF7369C}.Debug|Any CPU.Build.0 = Debug|Any CPU
		{0540AB1E-F99F-EB7B-A740-EEB51BF7369C}.Release|Any CPU.ActiveCfg = Release|Any CPU
		{0540AB1E-F99F-EB7B-A740-EEB51BF7369C}.Release|Any CPU.Build.0 = Release|Any CPU
	EndGlobalSection
	GlobalSection(SolutionProperties) = preSolution
		HideSolutionNode = FALSE
	EndGlobalSection
	GlobalSection(ExtensibilityGlobals) = postSolution
		SolutionGuid = {0F71B463-FF24-4640-9DAC-3739D9BBF1A3}
	EndGlobalSection
EndGlobal
